PATH
  remote: ..
  specs:
    active_record_seek (0.0.1)

GEM
  remote: https://rubygems.org/
  specs:
    activemodel (5.2.4.1)
      activesupport (= 5.2.4.1)
    activerecord (5.2.4.1)
      activemodel (= 5.2.4.1)
      activesupport (= 5.2.4.1)
      arel (>= 9.0)
    activesupport (5.2.4.1)
      concurrent-ruby (~> 1.0, >= 1.0.2)
      i18n (>= 0.7, < 2)
      minitest (~> 5.1)
      tzinfo (~> 1.1)
    arel (9.0.0)
    byebug (11.1.1)
    concurrent-ruby (1.1.6)
    factory_bot (5.1.1)
      activesupport (>= 4.2.0)
    i18n (1.8.2)
      concurrent-ruby (~> 1.0)
    minitest (5.14.0)
    mysql2 (0.5.3)
    rake (12.3.2)
    thread_safe (0.3.6)
    tzinfo (1.2.6)
      thread_safe (~> 0.1)

PLATFORMS
  ruby

DEPENDENCIES
  active_record_seek!
  activerecord (~> 5)
  bundler (~> 2)
  byebug (~> 11)
  factory_bot (~> 5)
  mysql2
  rake (~> 12)

BUNDLED WITH
   2.0.2
